
Microsoft Visual Studio Solution File, Format Version 12.00
# Visual Studio Version 17
VisualStudioVersion = 17.6.33829.357
MinimumVisualStudioVersion = 10.0.40219.1
Project("{9A19103F-16F7-4668-BE54-9A1E7A4F7556}") = "4 paskaita ND", "4 paskaita ND\4 paskaita ND.csproj", "{C9E783B2-B26B-4D6C-BB3F-8C45DEEEC8A8}"
EndProject
Project("{9A19103F-16F7-4668-BE54-9A1E7A4F7556}") = "5 paskaita uzduotys", "5 paskaita uzduotys\5 paskaita uzduotys.csproj", "{8384519D-B3D8-485D-BD03-BF799689A7F9}"
EndProject
Project("{9A19103F-16F7-4668-BE54-9A1E7A4F7556}") = "7 paskaita ND", "7 paskaita ND\7 paskaita ND.csproj", "{0C596A94-12E2-4A83-B9FE-E7D5594CF485}"
EndProject
Project("{9A19103F-16F7-4668-BE54-9A1E7A4F7556}") = "8 paskaita Uzduotys", "8 paskaita Uzduotys\8 paskaita Uzduotys.csproj", "{C14928CB-B9AE-40F0-9940-B7A47ACD956E}"
EndProject
Project("{9A19103F-16F7-4668-BE54-9A1E7A4F7556}") = "10 paskaita Uzduotys", "10 paskaita Uzduotys\10 paskaita Uzduotys.csproj", "{3E1BBA9D-0B1C-493A-9465-9A8E1DC4B262}"
EndProject
Project("{9A19103F-16F7-4668-BE54-9A1E7A4F7556}") = "Laikrodis", "Laikrodis\Laikrodis.csproj", "{B1880773-6342-49D3-A20A-EBC6641FF50C}"
EndProject
Project("{FAE04EC0-301F-11D3-BF4B-00C04F79EFBC}") = "Klases", "Klases\Klases.csproj", "{2CB817F1-A439-49E2-9CD1-0871756BD467}"
EndProject
Global
	GlobalSection(SolutionConfigurationPlatforms) = preSolution
		Debug|Any CPU = Debug|Any CPU
		Release|Any CPU = Release|Any CPU
	EndGlobalSection
	GlobalSection(ProjectConfigurationPlatforms) = postSolution
		{C9E783B2-B26B-4D6C-BB3F-8C45DEEEC8A8}.Debug|Any CPU.ActiveCfg = Debug|Any CPU
		{C9E783B2-B26B-4D6C-BB3F-8C45DEEEC8A8}.Debug|Any CPU.Build.0 = Debug|Any CPU
		{C9E783B2-B26B-4D6C-BB3F-8C45DEEEC8A8}.Release|Any CPU.ActiveCfg = Release|Any CPU
		{C9E783B2-B26B-4D6C-BB3F-8C45DEEEC8A8}.Release|Any CPU.Build.0 = Release|Any CPU
		{8384519D-B3D8-485D-BD03-BF799689A7F9}.Debug|Any CPU.ActiveCfg = Debug|Any CPU
		{8384519D-B3D8-485D-BD03-BF799689A7F9}.Debug|Any CPU.Build.0 = Debug|Any CPU
		{8384519D-B3D8-485D-BD03-BF799689A7F9}.Release|Any CPU.ActiveCfg = Release|Any CPU
		{8384519D-B3D8-485D-BD03-BF799689A7F9}.Release|Any CPU.Build.0 = Release|Any CPU
		{0C596A94-12E2-4A83-B9FE-E7D5594CF485}.Debug|Any CPU.ActiveCfg = Debug|Any CPU
		{0C596A94-12E2-4A83-B9FE-E7D5594CF485}.Debug|Any CPU.Build.0 = Debug|Any CPU
		{0C596A94-12E2-4A83-B9FE-E7D5594CF485}.Release|Any CPU.ActiveCfg = Release|Any CPU
		{0C596A94-12E2-4A83-B9FE-E7D5594CF485}.Release|Any CPU.Build.0 = Release|Any CPU
		{C14928CB-B9AE-40F0-9940-B7A47ACD956E}.Debug|Any CPU.ActiveCfg = Debug|Any CPU
		{C14928CB-B9AE-40F0-9940-B7A47ACD956E}.Debug|Any CPU.Build.0 = Debug|Any CPU
		{C14928CB-B9AE-40F0-9940-B7A47ACD956E}.Release|Any CPU.ActiveCfg = Release|Any CPU
		{C14928CB-B9AE-40F0-9940-B7A47ACD956E}.Release|Any CPU.Build.0 = Release|Any CPU
		{3E1BBA9D-0B1C-493A-9465-9A8E1DC4B262}.Debug|Any CPU.ActiveCfg = Debug|Any CPU
		{3E1BBA9D-0B1C-493A-9465-9A8E1DC4B262}.Debug|Any CPU.Build.0 = Debug|Any CPU
		{3E1BBA9D-0B1C-493A-9465-9A8E1DC4B262}.Release|Any CPU.ActiveCfg = Release|Any CPU
		{3E1BBA9D-0B1C-493A-9465-9A8E1DC4B262}.Release|Any CPU.Build.0 = Release|Any CPU
		{B1880773-6342-49D3-A20A-EBC6641FF50C}.Debug|Any CPU.ActiveCfg = Debug|Any CPU
		{B1880773-6342-49D3-A20A-EBC6641FF50C}.Debug|Any CPU.Build.0 = Debug|Any CPU
		{B1880773-6342-49D3-A20A-EBC6641FF50C}.Release|Any CPU.ActiveCfg = Release|Any CPU
		{B1880773-6342-49D3-A20A-EBC6641FF50C}.Release|Any CPU.Build.0 = Release|Any CPU
		{2CB817F1-A439-49E2-9CD1-0871756BD467}.Debug|Any CPU.ActiveCfg = Debug|Any CPU
		{2CB817F1-A439-49E2-9CD1-0871756BD467}.Debug|Any CPU.Build.0 = Debug|Any CPU
		{2CB817F1-A439-49E2-9CD1-0871756BD467}.Release|Any CPU.ActiveCfg = Release|Any CPU
		{2CB817F1-A439-49E2-9CD1-0871756BD467}.Release|Any CPU.Build.0 = Release|Any CPU
	EndGlobalSection
	GlobalSection(SolutionProperties) = preSolution
		HideSolutionNode = FALSE
	EndGlobalSection
	GlobalSection(ExtensibilityGlobals) = postSolution
		SolutionGuid = {32DFAE38-731E-489D-8151-C95FB0F6CDF3}
	EndGlobalSection
EndGlobal
