
Microsoft Visual Studio Solution File, Format Version 12.00
# Visual Studio Version 17
VisualStudioVersion = 17.6.33829.357
MinimumVisualStudioVersion = 10.0.40219.1
Project("{FAE04EC0-301F-11D3-BF4B-00C04F79EFBC}") = "4 paskaita ND", "4 paskaita ND\4 paskaita ND.csproj", "{C9E783B2-B26B-4D6C-BB3F-8C45DEEEC8A8}"
EndProject
Project("{FAE04EC0-301F-11D3-BF4B-00C04F79EFBC}") = "5 paskaita uzduotys", "5 paskaita uzduotys\5 paskaita uzduotys.csproj", "{8384519D-B3D8-485D-BD03-BF799689A7F9}"
EndProject
Global
	GlobalSection(SolutionConfigurationPlatforms) = preSolution
		Debug|Any CPU = Debug|Any CPU
		Release|Any CPU = Release|Any CPU
	EndGlobalSection
	GlobalSection(ProjectConfigurationPlatforms) = postSolution
		{C9E783B2-B26B-4D6C-BB3F-8C45DEEEC8A8}.Debug|Any CPU.ActiveCfg = Debug|Any CPU
		{C9E783B2-B26B-4D6C-BB3F-8C45DEEEC8A8}.Debug|Any CPU.Build.0 = Debug|Any CPU
		{C9E783B2-B26B-4D6C-BB3F-8C45DEEEC8A8}.Release|Any CPU.ActiveCfg = Release|Any CPU
		{C9E783B2-B26B-4D6C-BB3F-8C45DEEEC8A8}.Release|Any CPU.Build.0 = Release|Any CPU
		{8384519D-B3D8-485D-BD03-BF799689A7F9}.Debug|Any CPU.ActiveCfg = Debug|Any CPU
		{8384519D-B3D8-485D-BD03-BF799689A7F9}.Debug|Any CPU.Build.0 = Debug|Any CPU
		{8384519D-B3D8-485D-BD03-BF799689A7F9}.Release|Any CPU.ActiveCfg = Release|Any CPU
		{8384519D-B3D8-485D-BD03-BF799689A7F9}.Release|Any CPU.Build.0 = Release|Any CPU
	EndGlobalSection
	GlobalSection(SolutionProperties) = preSolution
		HideSolutionNode = FALSE
	EndGlobalSection
	GlobalSection(ExtensibilityGlobals) = postSolution
		SolutionGuid = {32DFAE38-731E-489D-8151-C95FB0F6CDF3}
	EndGlobalSection
EndGlobal
